
Microsoft Visual Studio Solution File, Format Version 12.00
# Visual Studio 15
VisualStudioVersion = 15.0.28307.1022
MinimumVisualStudioVersion = 10.0.40219.1
Project("{8BC9CEB8-8B4A-11D0-8D11-00A0C91BC942}") = "test11_04", "test11_04\test11_04.vcxproj", "{F56923B3-0933-4B18-96A3-269DCF9A75AA}"
EndProject
Global
	GlobalSection(SolutionConfigurationPlatforms) = preSolution
		Debug|x64 = Debug|x64
		Debug|x86 = Debug|x86
		Release|x64 = Release|x64
		Release|x86 = Release|x86
	EndGlobalSection
	GlobalSection(ProjectConfigurationPlatforms) = postSolution
		{F56923B3-0933-4B18-96A3-269DCF9A75AA}.Debug|x64.ActiveCfg = Debug|x64
		{F56923B3-0933-4B18-96A3-269DCF9A75AA}.Debug|x64.Build.0 = Debug|x64
		{F56923B3-0933-4B18-96A3-269DCF9A75AA}.Debug|x86.ActiveCfg = Debug|Win32
		{F56923B3-0933-4B18-96A3-269DCF9A75AA}.Debug|x86.Build.0 = Debug|Win32
		{F56923B3-0933-4B18-96A3-269DCF9A75AA}.Release|x64.ActiveCfg = Release|x64
		{F56923B3-0933-4B18-96A3-269DCF9A75AA}.Release|x64.Build.0 = Release|x64
		{F56923B3-0933-4B18-96A3-269DCF9A75AA}.Release|x86.ActiveCfg = Release|Win32
		{F56923B3-0933-4B18-96A3-269DCF9A75AA}.Release|x86.Build.0 = Release|Win32
	EndGlobalSection
	GlobalSection(SolutionProperties) = preSolution
		HideSolutionNode = FALSE
	EndGlobalSection
	GlobalSection(ExtensibilityGlobals) = postSolution
		SolutionGuid = {DAD417D0-269D-45CA-A635-EBE373855029}
	EndGlobalSection
EndGlobal
